// !$*UTF8*$!
{
	archiveVersion = 1;
	classes = {
	};
	objectVersion = 48;
	objects = {

/* Begin PBXBuildFile section */
		93003BE91FE89EBC00D315E8 /* AppDelegate.swift in Sources */ = {isa = PBXBuildFile; fileRef = 93003BE81FE89EBC00D315E8 /* AppDelegate.swift */; };
		93003BEB1FE89EBC00D315E8 /* ViewController.swift in Sources */ = {isa = PBXBuildFile; fileRef = 93003BEA1FE89EBC00D315E8 /* ViewController.swift */; };
		93003BEE1FE89EBC00D315E8 /* Main.storyboard in Resources */ = {isa = PBXBuildFile; fileRef = 93003BEC1FE89EBC00D315E8 /* Main.storyboard */; };
		93003BF01FE89EBC00D315E8 /* Assets.xcassets in Resources */ = {isa = PBXBuildFile; fileRef = 93003BEF1FE89EBC00D315E8 /* Assets.xcassets */; };
		93003BF31FE89EBC00D315E8 /* LaunchScreen.storyboard in Resources */ = {isa = PBXBuildFile; fileRef = 93003BF11FE89EBC00D315E8 /* LaunchScreen.storyboard */; };
		93003BFE1FE89EBD00D315E8 /* FlickrFeedTests.swift in Sources */ = {isa = PBXBuildFile; fileRef = 93003BFD1FE89EBD00D315E8 /* FlickrFeedTests.swift */; };
		93003C091FE89EBD00D315E8 /* FlickrFeedUITests.swift in Sources */ = {isa = PBXBuildFile; fileRef = 93003C081FE89EBD00D315E8 /* FlickrFeedUITests.swift */; };
		93003C1A1FE8A72200D315E8 /* Photo.swift in Sources */ = {isa = PBXBuildFile; fileRef = 93003C191FE8A72200D315E8 /* Photo.swift */; };
		93003C1B1FE8A72200D315E8 /* Photo.swift in Sources */ = {isa = PBXBuildFile; fileRef = 93003C191FE8A72200D315E8 /* Photo.swift */; };
		93003C1D1FEDBCAC00D315E8 /* NetworkClient.swift in Sources */ = {isa = PBXBuildFile; fileRef = 93003C1C1FEDBCAC00D315E8 /* NetworkClient.swift */; };
		93003C1E1FEDBCAC00D315E8 /* NetworkClient.swift in Sources */ = {isa = PBXBuildFile; fileRef = 93003C1C1FEDBCAC00D315E8 /* NetworkClient.swift */; };
		93003C201FEDE41000D315E8 /* FlickrFeedNetworkClientTests.swift in Sources */ = {isa = PBXBuildFile; fileRef = 93003C1F1FEDE41000D315E8 /* FlickrFeedNetworkClientTests.swift */; };
		9330DF621FF1ECBA000CBF7B /* FlickrFeedPhotoTests.swift in Sources */ = {isa = PBXBuildFile; fileRef = 9330DF611FF1ECBA000CBF7B /* FlickrFeedPhotoTests.swift */; };
		93EB17291FF293CA00C87C46 /* Photo+Services.swift in Sources */ = {isa = PBXBuildFile; fileRef = 93EB17281FF293CA00C87C46 /* Photo+Services.swift */; };
		93EB172A1FF2973D00C87C46 /* Photo+Services.swift in Sources */ = {isa = PBXBuildFile; fileRef = 93EB17281FF293CA00C87C46 /* Photo+Services.swift */; };
/* End PBXBuildFile section */

/* Begin PBXContainerItemProxy section */
		93003BFA1FE89EBC00D315E8 /* PBXContainerItemProxy */ = {
			isa = PBXContainerItemProxy;
			containerPortal = 93003BDD1FE89EBC00D315E8 /* Project object */;
			proxyType = 1;
			remoteGlobalIDString = 93003BE41FE89EBC00D315E8;
			remoteInfo = FlickrFeed;
		};
		93003C051FE89EBD00D315E8 /* PBXContainerItemProxy */ = {
			isa = PBXContainerItemProxy;
			containerPortal = 93003BDD1FE89EBC00D315E8 /* Project object */;
			proxyType = 1;
			remoteGlobalIDString = 93003BE41FE89EBC00D315E8;
			remoteInfo = FlickrFeed;
		};
/* End PBXContainerItemProxy section */

/* Begin PBXFileReference section */
		93003BE51FE89EBC00D315E8 /* FlickrFeed.app */ = {isa = PBXFileReference; explicitFileType = wrapper.application; includeInIndex = 0; path = FlickrFeed.app; sourceTree = BUILT_PRODUCTS_DIR; };
		93003BE81FE89EBC00D315E8 /* AppDelegate.swift */ = {isa = PBXFileReference; lastKnownFileType = sourcecode.swift; path = AppDelegate.swift; sourceTree = "<group>"; };
		93003BEA1FE89EBC00D315E8 /* ViewController.swift */ = {isa = PBXFileReference; lastKnownFileType = sourcecode.swift; path = ViewController.swift; sourceTree = "<group>"; };
		93003BED1FE89EBC00D315E8 /* Base */ = {isa = PBXFileReference; lastKnownFileType = file.storyboard; name = Base; path = Base.lproj/Main.storyboard; sourceTree = "<group>"; };
		93003BEF1FE89EBC00D315E8 /* Assets.xcassets */ = {isa = PBXFileReference; lastKnownFileType = folder.assetcatalog; path = Assets.xcassets; sourceTree = "<group>"; };
		93003BF21FE89EBC00D315E8 /* Base */ = {isa = PBXFileReference; lastKnownFileType = file.storyboard; name = Base; path = Base.lproj/LaunchScreen.storyboard; sourceTree = "<group>"; };
		93003BF41FE89EBC00D315E8 /* Info.plist */ = {isa = PBXFileReference; lastKnownFileType = text.plist.xml; path = Info.plist; sourceTree = "<group>"; };
		93003BF91FE89EBC00D315E8 /* FlickrFeedTests.xctest */ = {isa = PBXFileReference; explicitFileType = wrapper.cfbundle; includeInIndex = 0; path = FlickrFeedTests.xctest; sourceTree = BUILT_PRODUCTS_DIR; };
		93003BFD1FE89EBD00D315E8 /* FlickrFeedTests.swift */ = {isa = PBXFileReference; lastKnownFileType = sourcecode.swift; path = FlickrFeedTests.swift; sourceTree = "<group>"; };
		93003BFF1FE89EBD00D315E8 /* Info.plist */ = {isa = PBXFileReference; lastKnownFileType = text.plist.xml; path = Info.plist; sourceTree = "<group>"; };
		93003C041FE89EBD00D315E8 /* FlickrFeedUITests.xctest */ = {isa = PBXFileReference; explicitFileType = wrapper.cfbundle; includeInIndex = 0; path = FlickrFeedUITests.xctest; sourceTree = BUILT_PRODUCTS_DIR; };
		93003C081FE89EBD00D315E8 /* FlickrFeedUITests.swift */ = {isa = PBXFileReference; lastKnownFileType = sourcecode.swift; path = FlickrFeedUITests.swift; sourceTree = "<group>"; };
		93003C0A1FE89EBD00D315E8 /* Info.plist */ = {isa = PBXFileReference; lastKnownFileType = text.plist.xml; path = Info.plist; sourceTree = "<group>"; };
		93003C191FE8A72200D315E8 /* Photo.swift */ = {isa = PBXFileReference; lastKnownFileType = sourcecode.swift; path = Photo.swift; sourceTree = "<group>"; };
		93003C1C1FEDBCAC00D315E8 /* NetworkClient.swift */ = {isa = PBXFileReference; lastKnownFileType = sourcecode.swift; path = NetworkClient.swift; sourceTree = "<group>"; };
		93003C1F1FEDE41000D315E8 /* FlickrFeedNetworkClientTests.swift */ = {isa = PBXFileReference; lastKnownFileType = sourcecode.swift; path = FlickrFeedNetworkClientTests.swift; sourceTree = "<group>"; };
		9330DF611FF1ECBA000CBF7B /* FlickrFeedPhotoTests.swift */ = {isa = PBXFileReference; lastKnownFileType = sourcecode.swift; path = FlickrFeedPhotoTests.swift; sourceTree = "<group>"; };
		93EB17281FF293CA00C87C46 /* Photo+Services.swift */ = {isa = PBXFileReference; lastKnownFileType = sourcecode.swift; path = "Photo+Services.swift"; sourceTree = "<group>"; };
/* End PBXFileReference section */

/* Begin PBXFrameworksBuildPhase section */
		93003BE21FE89EBC00D315E8 /* Frameworks */ = {
			isa = PBXFrameworksBuildPhase;
			buildActionMask = 2147483647;
			files = (
			);
			runOnlyForDeploymentPostprocessing = 0;
		};
		93003BF61FE89EBC00D315E8 /* Frameworks */ = {
			isa = PBXFrameworksBuildPhase;
			buildActionMask = 2147483647;
			files = (
			);
			runOnlyForDeploymentPostprocessing = 0;
		};
		93003C011FE89EBD00D315E8 /* Frameworks */ = {
			isa = PBXFrameworksBuildPhase;
			buildActionMask = 2147483647;
			files = (
			);
			runOnlyForDeploymentPostprocessing = 0;
		};
/* End PBXFrameworksBuildPhase section */

/* Begin PBXGroup section */
		93003BDC1FE89EBC00D315E8 = {
			isa = PBXGroup;
			children = (
				93003BE71FE89EBC00D315E8 /* FlickrFeed */,
				93003BFC1FE89EBD00D315E8 /* FlickrFeedTests */,
				93003C071FE89EBD00D315E8 /* FlickrFeedUITests */,
				93003BE61FE89EBC00D315E8 /* Products */,
			);
			sourceTree = "<group>";
		};
		93003BE61FE89EBC00D315E8 /* Products */ = {
			isa = PBXGroup;
			children = (
				93003BE51FE89EBC00D315E8 /* FlickrFeed.app */,
				93003BF91FE89EBC00D315E8 /* FlickrFeedTests.xctest */,
				93003C041FE89EBD00D315E8 /* FlickrFeedUITests.xctest */,
			);
			name = Products;
			sourceTree = "<group>";
		};
		93003BE71FE89EBC00D315E8 /* FlickrFeed */ = {
			isa = PBXGroup;
			children = (
				93003C161FE8A09800D315E8 /* UI */,
				93003C171FE8A09D00D315E8 /* Services */,
				93003C181FE8A0CA00D315E8 /* Supporting Files */,
			);
			path = FlickrFeed;
			sourceTree = "<group>";
		};
		93003BFC1FE89EBD00D315E8 /* FlickrFeedTests */ = {
			isa = PBXGroup;
			children = (
				93003C1F1FEDE41000D315E8 /* FlickrFeedNetworkClientTests.swift */,
				9330DF611FF1ECBA000CBF7B /* FlickrFeedPhotoTests.swift */,
				93003BFD1FE89EBD00D315E8 /* FlickrFeedTests.swift */,
				93003BFF1FE89EBD00D315E8 /* Info.plist */,
			);
			path = FlickrFeedTests;
			sourceTree = "<group>";
		};
		93003C071FE89EBD00D315E8 /* FlickrFeedUITests */ = {
			isa = PBXGroup;
			children = (
				93003C081FE89EBD00D315E8 /* FlickrFeedUITests.swift */,
				93003C0A1FE89EBD00D315E8 /* Info.plist */,
			);
			path = FlickrFeedUITests;
			sourceTree = "<group>";
		};
		93003C161FE8A09800D315E8 /* UI */ = {
			isa = PBXGroup;
			children = (
				93003BEC1FE89EBC00D315E8 /* Main.storyboard */,
				93003BEA1FE89EBC00D315E8 /* ViewController.swift */,
				93003BEF1FE89EBC00D315E8 /* Assets.xcassets */,
			);
			name = UI;
			sourceTree = "<group>";
		};
		93003C171FE8A09D00D315E8 /* Services */ = {
			isa = PBXGroup;
			children = (
				93003C191FE8A72200D315E8 /* Photo.swift */,
				93003C1C1FEDBCAC00D315E8 /* NetworkClient.swift */,
				93EB17281FF293CA00C87C46 /* Photo+Services.swift */,
			);
			name = Services;
			sourceTree = "<group>";
		};
		93003C181FE8A0CA00D315E8 /* Supporting Files */ = {
			isa = PBXGroup;
			children = (
				93003BE81FE89EBC00D315E8 /* AppDelegate.swift */,
				93003BF41FE89EBC00D315E8 /* Info.plist */,
				93003BF11FE89EBC00D315E8 /* LaunchScreen.storyboard */,
			);
			name = "Supporting Files";
			sourceTree = "<group>";
		};
/* End PBXGroup section */

/* Begin PBXNativeTarget section */
		93003BE41FE89EBC00D315E8 /* FlickrFeed */ = {
			isa = PBXNativeTarget;
			buildConfigurationList = 93003C0D1FE89EBD00D315E8 /* Build configuration list for PBXNativeTarget "FlickrFeed" */;
			buildPhases = (
				93003BE11FE89EBC00D315E8 /* Sources */,
				93003BE21FE89EBC00D315E8 /* Frameworks */,
				93003BE31FE89EBC00D315E8 /* Resources */,
			);
			buildRules = (
			);
			dependencies = (
			);
			name = FlickrFeed;
			productName = FlickrFeed;
			productReference = 93003BE51FE89EBC00D315E8 /* FlickrFeed.app */;
			productType = "com.apple.product-type.application";
		};
		93003BF81FE89EBC00D315E8 /* FlickrFeedTests */ = {
			isa = PBXNativeTarget;
			buildConfigurationList = 93003C101FE89EBD00D315E8 /* Build configuration list for PBXNativeTarget "FlickrFeedTests" */;
			buildPhases = (
				93003BF51FE89EBC00D315E8 /* Sources */,
				93003BF61FE89EBC00D315E8 /* Frameworks */,
				93003BF71FE89EBC00D315E8 /* Resources */,
			);
			buildRules = (
			);
			dependencies = (
				93003BFB1FE89EBC00D315E8 /* PBXTargetDependency */,
			);
			name = FlickrFeedTests;
			productName = FlickrFeedTests;
			productReference = 93003BF91FE89EBC00D315E8 /* FlickrFeedTests.xctest */;
			productType = "com.apple.product-type.bundle.unit-test";
		};
		93003C031FE89EBD00D315E8 /* FlickrFeedUITests */ = {
			isa = PBXNativeTarget;
			buildConfigurationList = 93003C131FE89EBD00D315E8 /* Build configuration list for PBXNativeTarget "FlickrFeedUITests" */;
			buildPhases = (
				93003C001FE89EBD00D315E8 /* Sources */,
				93003C011FE89EBD00D315E8 /* Frameworks */,
				93003C021FE89EBD00D315E8 /* Resources */,
			);
			buildRules = (
			);
			dependencies = (
				93003C061FE89EBD00D315E8 /* PBXTargetDependency */,
			);
			name = FlickrFeedUITests;
			productName = FlickrFeedUITests;
			productReference = 93003C041FE89EBD00D315E8 /* FlickrFeedUITests.xctest */;
			productType = "com.apple.product-type.bundle.ui-testing";
		};
/* End PBXNativeTarget section */

/* Begin PBXProject section */
		93003BDD1FE89EBC00D315E8 /* Project object */ = {
			isa = PBXProject;
			attributes = {
				LastSwiftUpdateCheck = 0920;
				LastUpgradeCheck = 0920;
				ORGANIZATIONNAME = "JRudy Gaming";
				TargetAttributes = {
					93003BE41FE89EBC00D315E8 = {
						CreatedOnToolsVersion = 9.2;
						ProvisioningStyle = Automatic;
					};
					93003BF81FE89EBC00D315E8 = {
						CreatedOnToolsVersion = 9.2;
						ProvisioningStyle = Automatic;
						TestTargetID = 93003BE41FE89EBC00D315E8;
					};
					93003C031FE89EBD00D315E8 = {
						CreatedOnToolsVersion = 9.2;
						ProvisioningStyle = Automatic;
						TestTargetID = 93003BE41FE89EBC00D315E8;
					};
				};
			};
			buildConfigurationList = 93003BE01FE89EBC00D315E8 /* Build configuration list for PBXProject "FlickrFeed" */;
			compatibilityVersion = "Xcode 8.0";
			developmentRegion = en;
			hasScannedForEncodings = 0;
			knownRegions = (
				en,
				Base,
			);
			mainGroup = 93003BDC1FE89EBC00D315E8;
			productRefGroup = 93003BE61FE89EBC00D315E8 /* Products */;
			projectDirPath = "";
			projectRoot = "";
			targets = (
				93003BE41FE89EBC00D315E8 /* FlickrFeed */,
				93003BF81FE89EBC00D315E8 /* FlickrFeedTests */,
				93003C031FE89EBD00D315E8 /* FlickrFeedUITests */,
			);
		};
/* End PBXProject section */

/* Begin PBXResourcesBuildPhase section */
		93003BE31FE89EBC00D315E8 /* Resources */ = {
			isa = PBXResourcesBuildPhase;
			buildActionMask = 2147483647;
			files = (
				93003BF31FE89EBC00D315E8 /* LaunchScreen.storyboard in Resources */,
				93003BF01FE89EBC00D315E8 /* Assets.xcassets in Resources */,
				93003BEE1FE89EBC00D315E8 /* Main.storyboard in Resources */,
			);
			runOnlyForDeploymentPostprocessing = 0;
		};
		93003BF71FE89EBC00D315E8 /* Resources */ = {
			isa = PBXResourcesBuildPhase;
			buildActionMask = 2147483647;
			files = (
			);
			runOnlyForDeploymentPostprocessing = 0;
		};
		93003C021FE89EBD00D315E8 /* Resources */ = {
			isa = PBXResourcesBuildPhase;
			buildActionMask = 2147483647;
			files = (
			);
			runOnlyForDeploymentPostprocessing = 0;
		};
/* End PBXResourcesBuildPhase section */

/* Begin PBXSourcesBuildPhase section */
		93003BE11FE89EBC00D315E8 /* Sources */ = {
			isa = PBXSourcesBuildPhase;
			buildActionMask = 2147483647;
			files = (
				93EB17291FF293CA00C87C46 /* Photo+Services.swift in Sources */,
				93003C1A1FE8A72200D315E8 /* Photo.swift in Sources */,
				93003BEB1FE89EBC00D315E8 /* ViewController.swift in Sources */,
				93003BE91FE89EBC00D315E8 /* AppDelegate.swift in Sources */,
				93003C1D1FEDBCAC00D315E8 /* NetworkClient.swift in Sources */,
			);
			runOnlyForDeploymentPostprocessing = 0;
		};
		93003BF51FE89EBC00D315E8 /* Sources */ = {
			isa = PBXSourcesBuildPhase;
			buildActionMask = 2147483647;
			files = (
				93003C1B1FE8A72200D315E8 /* Photo.swift in Sources */,
				93003BFE1FE89EBD00D315E8 /* FlickrFeedTests.swift in Sources */,
				93EB172A1FF2973D00C87C46 /* Photo+Services.swift in Sources */,
				93003C1E1FEDBCAC00D315E8 /* NetworkClient.swift in Sources */,
				9330DF621FF1ECBA000CBF7B /* FlickrFeedPhotoTests.swift in Sources */,
				93003C201FEDE41000D315E8 /* FlickrFeedNetworkClientTests.swift in Sources */,
			);
			runOnlyForDeploymentPostprocessing = 0;
		};
		93003C001FE89EBD00D315E8 /* Sources */ = {
			isa = PBXSourcesBuildPhase;
			buildActionMask = 2147483647;
			files = (
				93003C091FE89EBD00D315E8 /* FlickrFeedUITests.swift in Sources */,
			);
			runOnlyForDeploymentPostprocessing = 0;
		};
/* End PBXSourcesBuildPhase section */

/* Begin PBXTargetDependency section */
		93003BFB1FE89EBC00D315E8 /* PBXTargetDependency */ = {
			isa = PBXTargetDependency;
			target = 93003BE41FE89EBC00D315E8 /* FlickrFeed */;
			targetProxy = 93003BFA1FE89EBC00D315E8 /* PBXContainerItemProxy */;
		};
		93003C061FE89EBD00D315E8 /* PBXTargetDependency */ = {
			isa = PBXTargetDependency;
			target = 93003BE41FE89EBC00D315E8 /* FlickrFeed */;
			targetProxy = 93003C051FE89EBD00D315E8 /* PBXContainerItemProxy */;
		};
/* End PBXTargetDependency section */

/* Begin PBXVariantGroup section */
		93003BEC1FE89EBC00D315E8 /* Main.storyboard */ = {
			isa = PBXVariantGroup;
			children = (
				93003BED1FE89EBC00D315E8 /* Base */,
			);
			name = Main.storyboard;
			sourceTree = "<group>";
		};
		93003BF11FE89EBC00D315E8 /* LaunchScreen.storyboard */ = {
			isa = PBXVariantGroup;
			children = (
				93003BF21FE89EBC00D315E8 /* Base */,
			);
			name = LaunchScreen.storyboard;
			sourceTree = "<group>";
		};
/* End PBXVariantGroup section */

/* Begin XCBuildConfiguration section */
		93003C0B1FE89EBD00D315E8 /* Debug */ = {
			isa = XCBuildConfiguration;
			buildSettings = {
				ALWAYS_SEARCH_USER_PATHS = NO;
				CLANG_ANALYZER_NONNULL = YES;
				CLANG_ANALYZER_NUMBER_OBJECT_CONVERSION = YES_AGGRESSIVE;
				CLANG_CXX_LANGUAGE_STANDARD = "gnu++14";
				CLANG_CXX_LIBRARY = "libc++";
				CLANG_ENABLE_MODULES = YES;
				CLANG_ENABLE_OBJC_ARC = YES;
				CLANG_WARN_BLOCK_CAPTURE_AUTORELEASING = YES;
				CLANG_WARN_BOOL_CONVERSION = YES;
				CLANG_WARN_COMMA = YES;
				CLANG_WARN_CONSTANT_CONVERSION = YES;
				CLANG_WARN_DIRECT_OBJC_ISA_USAGE = YES_ERROR;
				CLANG_WARN_DOCUMENTATION_COMMENTS = YES;
				CLANG_WARN_EMPTY_BODY = YES;
				CLANG_WARN_ENUM_CONVERSION = YES;
				CLANG_WARN_INFINITE_RECURSION = YES;
				CLANG_WARN_INT_CONVERSION = YES;
				CLANG_WARN_NON_LITERAL_NULL_CONVERSION = YES;
				CLANG_WARN_OBJC_LITERAL_CONVERSION = YES;
				CLANG_WARN_OBJC_ROOT_CLASS = YES_ERROR;
				CLANG_WARN_RANGE_LOOP_ANALYSIS = YES;
				CLANG_WARN_STRICT_PROTOTYPES = YES;
				CLANG_WARN_SUSPICIOUS_MOVE = YES;
				CLANG_WARN_UNGUARDED_AVAILABILITY = YES_AGGRESSIVE;
				CLANG_WARN_UNREACHABLE_CODE = YES;
				CLANG_WARN__DUPLICATE_METHOD_MATCH = YES;
				CODE_SIGN_IDENTITY = "iPhone Developer";
				COPY_PHASE_STRIP = NO;
				DEBUG_INFORMATION_FORMAT = dwarf;
				ENABLE_STRICT_OBJC_MSGSEND = YES;
				ENABLE_TESTABILITY = YES;
				GCC_C_LANGUAGE_STANDARD = gnu11;
				GCC_DYNAMIC_NO_PIC = NO;
				GCC_NO_COMMON_BLOCKS = YES;
				GCC_OPTIMIZATION_LEVEL = 0;
				GCC_PREPROCESSOR_DEFINITIONS = (
					"DEBUG=1",
					"$(inherited)",
				);
				GCC_WARN_64_TO_32_BIT_CONVERSION = YES;
				GCC_WARN_ABOUT_RETURN_TYPE = YES_ERROR;
				GCC_WARN_UNDECLARED_SELECTOR = YES;
				GCC_WARN_UNINITIALIZED_AUTOS = YES_AGGRESSIVE;
				GCC_WARN_UNUSED_FUNCTION = YES;
				GCC_WARN_UNUSED_VARIABLE = YES;
				IPHONEOS_DEPLOYMENT_TARGET = 11.2;
				MTL_ENABLE_DEBUG_INFO = YES;
				ONLY_ACTIVE_ARCH = YES;
				SDKROOT = iphoneos;
				SWIFT_ACTIVE_COMPILATION_CONDITIONS = DEBUG;
				SWIFT_OPTIMIZATION_LEVEL = "-Onone";
			};
			name = Debug;
		};
		93003C0C1FE89EBD00D315E8 /* Release */ = {
			isa = XCBuildConfiguration;
			buildSettings = {
				ALWAYS_SEARCH_USER_PATHS = NO;
				CLANG_ANALYZER_NONNULL = YES;
				CLANG_ANALYZER_NUMBER_OBJECT_CONVERSION = YES_AGGRESSIVE;
				CLANG_CXX_LANGUAGE_STANDARD = "gnu++14";
				CLANG_CXX_LIBRARY = "libc++";
				CLANG_ENABLE_MODULES = YES;
				CLANG_ENABLE_OBJC_ARC = YES;
				CLANG_WARN_BLOCK_CAPTURE_AUTORELEASING = YES;
				CLANG_WARN_BOOL_CONVERSION = YES;
				CLANG_WARN_COMMA = YES;
				CLANG_WARN_CONSTANT_CONVERSION = YES;
				CLANG_WARN_DIRECT_OBJC_ISA_USAGE = YES_ERROR;
				CLANG_WARN_DOCUMENTATION_COMMENTS = YES;
				CLANG_WARN_EMPTY_BODY = YES;
				CLANG_WARN_ENUM_CONVERSION = YES;
				CLANG_WARN_INFINITE_RECURSION = YES;
				CLANG_WARN_INT_CONVERSION = YES;
				CLANG_WARN_NON_LITERAL_NULL_CONVERSION = YES;
				CLANG_WARN_OBJC_LITERAL_CONVERSION = YES;
				CLANG_WARN_OBJC_ROOT_CLASS = YES_ERROR;
				CLANG_WARN_RANGE_LOOP_ANALYSIS = YES;
				CLANG_WARN_STRICT_PROTOTYPES = YES;
				CLANG_WARN_SUSPICIOUS_MOVE = YES;
				CLANG_WARN_UNGUARDED_AVAILABILITY = YES_AGGRESSIVE;
				CLANG_WARN_UNREACHABLE_CODE = YES;
				CLANG_WARN__DUPLICATE_METHOD_MATCH = YES;
				CODE_SIGN_IDENTITY = "iPhone Developer";
				COPY_PHASE_STRIP = NO;
				DEBUG_INFORMATION_FORMAT = "dwarf-with-dsym";
				ENABLE_NS_ASSERTIONS = NO;
				ENABLE_STRICT_OBJC_MSGSEND = YES;
				GCC_C_LANGUAGE_STANDARD = gnu11;
				GCC_NO_COMMON_BLOCKS = YES;
				GCC_WARN_64_TO_32_BIT_CONVERSION = YES;
				GCC_WARN_ABOUT_RETURN_TYPE = YES_ERROR;
				GCC_WARN_UNDECLARED_SELECTOR = YES;
				GCC_WARN_UNINITIALIZED_AUTOS = YES_AGGRESSIVE;
				GCC_WARN_UNUSED_FUNCTION = YES;
				GCC_WARN_UNUSED_VARIABLE = YES;
				IPHONEOS_DEPLOYMENT_TARGET = 11.2;
				MTL_ENABLE_DEBUG_INFO = NO;
				SDKROOT = iphoneos;
				SWIFT_OPTIMIZATION_LEVEL = "-Owholemodule";
				VALIDATE_PRODUCT = YES;
			};
			name = Release;
		};
		93003C0E1FE89EBD00D315E8 /* Debug */ = {
			isa = XCBuildConfiguration;
			buildSettings = {
				ASSETCATALOG_COMPILER_APPICON_NAME = AppIcon;
				CODE_SIGN_STYLE = Automatic;
				DEVELOPMENT_TEAM = ZRTG86ZKHQ;
				INFOPLIST_FILE = FlickrFeed/Info.plist;
				LD_RUNPATH_SEARCH_PATHS = "$(inherited) @executable_path/Frameworks";
				PRODUCT_BUNDLE_IDENTIFIER = com.jrudygaming.FlickrFeed;
				PRODUCT_NAME = "$(TARGET_NAME)";
				SWIFT_VERSION = 4.0;
				TARGETED_DEVICE_FAMILY = "1,2";
			};
			name = Debug;
		};
		93003C0F1FE89EBD00D315E8 /* Release */ = {
			isa = XCBuildConfiguration;
			buildSettings = {
				ASSETCATALOG_COMPILER_APPICON_NAME = AppIcon;
				CODE_SIGN_STYLE = Automatic;
				DEVELOPMENT_TEAM = ZRTG86ZKHQ;
				INFOPLIST_FILE = FlickrFeed/Info.plist;
				LD_RUNPATH_SEARCH_PATHS = "$(inherited) @executable_path/Frameworks";
				PRODUCT_BUNDLE_IDENTIFIER = com.jrudygaming.FlickrFeed;
				PRODUCT_NAME = "$(TARGET_NAME)";
				SWIFT_VERSION = 4.0;
				TARGETED_DEVICE_FAMILY = "1,2";
			};
			name = Release;
		};
		93003C111FE89EBD00D315E8 /* Debug */ = {
			isa = XCBuildConfiguration;
			buildSettings = {
				ALWAYS_EMBED_SWIFT_STANDARD_LIBRARIES = YES;
				BUNDLE_LOADER = "$(TEST_HOST)";
				CODE_SIGN_STYLE = Automatic;
				DEVELOPMENT_TEAM = ZRTG86ZKHQ;
				INFOPLIST_FILE = FlickrFeedTests/Info.plist;
				LD_RUNPATH_SEARCH_PATHS = "$(inherited) @executable_path/Frameworks @loader_path/Frameworks";
				PRODUCT_BUNDLE_IDENTIFIER = com.jrudygaming.FlickrFeedTests;
				PRODUCT_NAME = "$(TARGET_NAME)";
				SWIFT_VERSION = 4.0;
				TARGETED_DEVICE_FAMILY = "1,2";
				TEST_HOST = "$(BUILT_PRODUCTS_DIR)/FlickrFeed.app/FlickrFeed";
			};
			name = Debug;
		};
		93003C121FE89EBD00D315E8 /* Release */ = {
			isa = XCBuildConfiguration;
			buildSettings = {
				ALWAYS_EMBED_SWIFT_STANDARD_LIBRARIES = YES;
				BUNDLE_LOADER = "$(TEST_HOST)";
				CODE_SIGN_STYLE = Automatic;
				DEVELOPMENT_TEAM = ZRTG86ZKHQ;
				INFOPLIST_FILE = FlickrFeedTests/Info.plist;
				LD_RUNPATH_SEARCH_PATHS = "$(inherited) @executable_path/Frameworks @loader_path/Frameworks";
				PRODUCT_BUNDLE_IDENTIFIER = com.jrudygaming.FlickrFeedTests;
				PRODUCT_NAME = "$(TARGET_NAME)";
				SWIFT_VERSION = 4.0;
				TARGETED_DEVICE_FAMILY = "1,2";
				TEST_HOST = "$(BUILT_PRODUCTS_DIR)/FlickrFeed.app/FlickrFeed";
			};
			name = Release;
		};
		93003C141FE89EBD00D315E8 /* Debug */ = {
			isa = XCBuildConfiguration;
			buildSettings = {
				ALWAYS_EMBED_SWIFT_STANDARD_LIBRARIES = YES;
				CODE_SIGN_STYLE = Automatic;
				DEVELOPMENT_TEAM = ZRTG86ZKHQ;
				INFOPLIST_FILE = FlickrFeedUITests/Info.plist;
				LD_RUNPATH_SEARCH_PATHS = "$(inherited) @executable_path/Frameworks @loader_path/Frameworks";
				PRODUCT_BUNDLE_IDENTIFIER = com.jrudygaming.FlickrFeedUITests;
				PRODUCT_NAME = "$(TARGET_NAME)";
				SWIFT_VERSION = 4.0;
				TARGETED_DEVICE_FAMILY = "1,2";
				TEST_TARGET_NAME = FlickrFeed;
			};
			name = Debug;
		};
		93003C151FE89EBD00D315E8 /* Release */ = {
			isa = XCBuildConfiguration;
			buildSettings = {
				ALWAYS_EMBED_SWIFT_STANDARD_LIBRARIES = YES;
				CODE_SIGN_STYLE = Automatic;
				DEVELOPMENT_TEAM = ZRTG86ZKHQ;
				INFOPLIST_FILE = FlickrFeedUITests/Info.plist;
				LD_RUNPATH_SEARCH_PATHS = "$(inherited) @executable_path/Frameworks @loader_path/Frameworks";
				PRODUCT_BUNDLE_IDENTIFIER = com.jrudygaming.FlickrFeedUITests;
				PRODUCT_NAME = "$(TARGET_NAME)";
				SWIFT_VERSION = 4.0;
				TARGETED_DEVICE_FAMILY = "1,2";
				TEST_TARGET_NAME = FlickrFeed;
			};
			name = Release;
		};
/* End XCBuildConfiguration section */

/* Begin XCConfigurationList section */
		93003BE01FE89EBC00D315E8 /* Build configuration list for PBXProject "FlickrFeed" */ = {
			isa = XCConfigurationList;
			buildConfigurations = (
				93003C0B1FE89EBD00D315E8 /* Debug */,
				93003C0C1FE89EBD00D315E8 /* Release */,
			);
			defaultConfigurationIsVisible = 0;
			defaultConfigurationName = Release;
		};
		93003C0D1FE89EBD00D315E8 /* Build configuration list for PBXNativeTarget "FlickrFeed" */ = {
			isa = XCConfigurationList;
			buildConfigurations = (
				93003C0E1FE89EBD00D315E8 /* Debug */,
				93003C0F1FE89EBD00D315E8 /* Release */,
			);
			defaultConfigurationIsVisible = 0;
			defaultConfigurationName = Release;
		};
		93003C101FE89EBD00D315E8 /* Build configuration list for PBXNativeTarget "FlickrFeedTests" */ = {
			isa = XCConfigurationList;
			buildConfigurations = (
				93003C111FE89EBD00D315E8 /* Debug */,
				93003C121FE89EBD00D315E8 /* Release */,
			);
			defaultConfigurationIsVisible = 0;
			defaultConfigurationName = Release;
		};
		93003C131FE89EBD00D315E8 /* Build configuration list for PBXNativeTarget "FlickrFeedUITests" */ = {
			isa = XCConfigurationList;
			buildConfigurations = (
				93003C141FE89EBD00D315E8 /* Debug */,
				93003C151FE89EBD00D315E8 /* Release */,
			);
			defaultConfigurationIsVisible = 0;
			defaultConfigurationName = Release;
		};
/* End XCConfigurationList section */
	};
	rootObject = 93003BDD1FE89EBC00D315E8 /* Project object */;
}
